
Microsoft Visual Studio Solution File, Format Version 12.00
# Visual Studio 2012
Project("{FAE04EC0-301F-11D3-BF4B-00C04F79EFBC}") = "Laurus.Secrets", "Laurus.Secrets\Laurus.Secrets.csproj", "{ACD36919-27F1-44F1-AB5A-85A679509786}"
EndProject
Project("{FAE04EC0-301F-11D3-BF4B-00C04F79EFBC}") = "Laurus.Secrets.Tests", "Laurus.Secrets.Tests\Laurus.Secrets.Tests.csproj", "{0013557D-5004-47C5-926C-80874AB3C194}"
EndProject
Global
	GlobalSection(SolutionConfigurationPlatforms) = preSolution
		Debug|Any CPU = Debug|Any CPU
		Release|Any CPU = Release|Any CPU
	EndGlobalSection
	GlobalSection(ProjectConfigurationPlatforms) = postSolution
		{ACD36919-27F1-44F1-AB5A-85A679509786}.Debug|Any CPU.ActiveCfg = Debug|Any CPU
		{ACD36919-27F1-44F1-AB5A-85A679509786}.Debug|Any CPU.Build.0 = Debug|Any CPU
		{ACD36919-27F1-44F1-AB5A-85A679509786}.Release|Any CPU.ActiveCfg = Release|Any CPU
		{ACD36919-27F1-44F1-AB5A-85A679509786}.Release|Any CPU.Build.0 = Release|Any CPU
		{0013557D-5004-47C5-926C-80874AB3C194}.Debug|Any CPU.ActiveCfg = Debug|Any CPU
		{0013557D-5004-47C5-926C-80874AB3C194}.Debug|Any CPU.Build.0 = Debug|Any CPU
		{0013557D-5004-47C5-926C-80874AB3C194}.Release|Any CPU.ActiveCfg = Release|Any CPU
		{0013557D-5004-47C5-926C-80874AB3C194}.Release|Any CPU.Build.0 = Release|Any CPU
	EndGlobalSection
	GlobalSection(SolutionProperties) = preSolution
		HideSolutionNode = FALSE
	EndGlobalSection
EndGlobal
